
Microsoft Visual Studio Solution File, Format Version 12.00
# Visual Studio Version 17
VisualStudioVersion = 17.1.32319.34
MinimumVisualStudioVersion = 10.0.40219.1
Project("{FAE04EC0-301F-11D3-BF4B-00C04F79EFBC}") = "Blog", "Blog.csproj", "{1ACC418F-96F1-4E89-9733-573C71785FF3}"
EndProject
Global
	GlobalSection(SolutionConfigurationPlatforms) = preSolution
		Debug|Any CPU = Debug|Any CPU
		Release|Any CPU = Release|Any CPU
	EndGlobalSection
	GlobalSection(ProjectConfigurationPlatforms) = postSolution
		{1ACC418F-96F1-4E89-9733-573C71785FF3}.Debug|Any CPU.ActiveCfg = Debug|Any CPU
		{1ACC418F-96F1-4E89-9733-573C71785FF3}.Debug|Any CPU.Build.0 = Debug|Any CPU
		{1ACC418F-96F1-4E89-9733-573C71785FF3}.Release|Any CPU.ActiveCfg = Release|Any CPU
		{1ACC418F-96F1-4E89-9733-573C71785FF3}.Release|Any CPU.Build.0 = Release|Any CPU
	EndGlobalSection
	GlobalSection(SolutionProperties) = preSolution
		HideSolutionNode = FALSE
	EndGlobalSection
	GlobalSection(ExtensibilityGlobals) = postSolution
		SolutionGuid = {191C0DC0-57A1-4D21-BB49-0A40625F9023}
	EndGlobalSection
EndGlobal
